
Microsoft Visual Studio Solution File, Format Version 12.00
# Visual Studio Version 17
VisualStudioVersion = 17.3.32929.385
MinimumVisualStudioVersion = 10.0.40219.1
Project("{FAE04EC0-301F-11D3-BF4B-00C04F79EFBC}") = "TPDetailing2", "TPDetailing2\TPDetailing2.csproj", "{678A1EF7-CC4D-484B-A8EF-73B6390A7A53}"
EndProject
Global
	GlobalSection(SolutionConfigurationPlatforms) = preSolution
		Debug|Any CPU = Debug|Any CPU
		Release|Any CPU = Release|Any CPU
	EndGlobalSection
	GlobalSection(ProjectConfigurationPlatforms) = postSolution
		{678A1EF7-CC4D-484B-A8EF-73B6390A7A53}.Debug|Any CPU.ActiveCfg = Debug|Any CPU
		{678A1EF7-CC4D-484B-A8EF-73B6390A7A53}.Debug|Any CPU.Build.0 = Debug|Any CPU
		{678A1EF7-CC4D-484B-A8EF-73B6390A7A53}.Release|Any CPU.ActiveCfg = Release|Any CPU
		{678A1EF7-CC4D-484B-A8EF-73B6390A7A53}.Release|Any CPU.Build.0 = Release|Any CPU
	EndGlobalSection
	GlobalSection(SolutionProperties) = preSolution
		HideSolutionNode = FALSE
	EndGlobalSection
	GlobalSection(ExtensibilityGlobals) = postSolution
		SolutionGuid = {6A385D0A-B36E-468C-8607-C43335D779FC}
	EndGlobalSection
EndGlobal
